
Microsoft Visual Studio Solution File, Format Version 12.00
# Visual Studio Version 17
VisualStudioVersion = 17.6.33723.286
MinimumVisualStudioVersion = 10.0.40219.1
Project("{FAE04EC0-301F-11D3-BF4B-00C04F79EFBC}") = "RASCUNHO", "RASCUNHO\RASCUNHO.csproj", "{179E5946-C80E-4EF0-810C-BD64E12F93D4}"
EndProject
Global
	GlobalSection(SolutionConfigurationPlatforms) = preSolution
		Debug|Any CPU = Debug|Any CPU
		Release|Any CPU = Release|Any CPU
	EndGlobalSection
	GlobalSection(ProjectConfigurationPlatforms) = postSolution
		{179E5946-C80E-4EF0-810C-BD64E12F93D4}.Debug|Any CPU.ActiveCfg = Debug|Any CPU
		{179E5946-C80E-4EF0-810C-BD64E12F93D4}.Debug|Any CPU.Build.0 = Debug|Any CPU
		{179E5946-C80E-4EF0-810C-BD64E12F93D4}.Release|Any CPU.ActiveCfg = Release|Any CPU
		{179E5946-C80E-4EF0-810C-BD64E12F93D4}.Release|Any CPU.Build.0 = Release|Any CPU
	EndGlobalSection
	GlobalSection(SolutionProperties) = preSolution
		HideSolutionNode = FALSE
	EndGlobalSection
	GlobalSection(ExtensibilityGlobals) = postSolution
		SolutionGuid = {FC4E5157-6B45-44EF-834E-0888D58BF433}
	EndGlobalSection
EndGlobal
